
Microsoft Visual Studio Solution File, Format Version 12.00
# Visual Studio 15
VisualStudioVersion = 15.0.27004.2002
MinimumVisualStudioVersion = 10.0.40219.1
Project("{FAE04EC0-301F-11D3-BF4B-00C04F79EFBC}") = "ConsoleApp1", "ConsoleApp1\ConsoleApp1.csproj", "{DF898914-A162-4454-AA7C-E75FE06C00B6}"
EndProject
Project("{FAE04EC0-301F-11D3-BF4B-00C04F79EFBC}") = "ConsoleApp1.Injector", "ConsoleApp1.Injector\ConsoleApp1.Injector.csproj", "{E6F544AD-A8B9-4BC1-9BC3-598709F122F6}"
EndProject
Project("{FAE04EC0-301F-11D3-BF4B-00C04F79EFBC}") = "ClassLibrary1", "ClassLibrary1\ClassLibrary1.csproj", "{FBD410D8-6902-4190-B525-D0C156C5C437}"
EndProject
Global
	GlobalSection(SolutionConfigurationPlatforms) = preSolution
		Debug|Any CPU = Debug|Any CPU
		Release|Any CPU = Release|Any CPU
	EndGlobalSection
	GlobalSection(ProjectConfigurationPlatforms) = postSolution
		{DF898914-A162-4454-AA7C-E75FE06C00B6}.Debug|Any CPU.ActiveCfg = Debug|Any CPU
		{DF898914-A162-4454-AA7C-E75FE06C00B6}.Debug|Any CPU.Build.0 = Debug|Any CPU
		{DF898914-A162-4454-AA7C-E75FE06C00B6}.Release|Any CPU.ActiveCfg = Release|Any CPU
		{DF898914-A162-4454-AA7C-E75FE06C00B6}.Release|Any CPU.Build.0 = Release|Any CPU
		{E6F544AD-A8B9-4BC1-9BC3-598709F122F6}.Debug|Any CPU.ActiveCfg = Debug|Any CPU
		{E6F544AD-A8B9-4BC1-9BC3-598709F122F6}.Debug|Any CPU.Build.0 = Debug|Any CPU
		{E6F544AD-A8B9-4BC1-9BC3-598709F122F6}.Release|Any CPU.ActiveCfg = Release|Any CPU
		{E6F544AD-A8B9-4BC1-9BC3-598709F122F6}.Release|Any CPU.Build.0 = Release|Any CPU
		{FBD410D8-6902-4190-B525-D0C156C5C437}.Debug|Any CPU.ActiveCfg = Debug|Any CPU
		{FBD410D8-6902-4190-B525-D0C156C5C437}.Debug|Any CPU.Build.0 = Debug|Any CPU
		{FBD410D8-6902-4190-B525-D0C156C5C437}.Release|Any CPU.ActiveCfg = Release|Any CPU
		{FBD410D8-6902-4190-B525-D0C156C5C437}.Release|Any CPU.Build.0 = Release|Any CPU
	EndGlobalSection
	GlobalSection(SolutionProperties) = preSolution
		HideSolutionNode = FALSE
	EndGlobalSection
	GlobalSection(ExtensibilityGlobals) = postSolution
		SolutionGuid = {FD4BD532-350D-41A6-AB5A-A34C48024E86}
	EndGlobalSection
EndGlobal
